{
    "_meta": {
        "hash": {
            "sha256": "8fbedb4219423903f4826aaf8c219e68176257e7445da84dfbc6d7d3cbf4aaa7"
        },
        "pipfile-spec": 6,
        "requires": {
            "python_version": "3.6"
        },
        "sources": [
            {
                "name": "pypi",
                "url": "https://pypi.org/simple",
                "verify_ssl": true
            }
        ]
    },
    "default": {
        "absl-py": {
            "hashes": [
                "sha256:5d15f85b8cc859c6245bc9886ba664460ed96a6fee895416caa37d669ee74a9a",
                "sha256:f568809938c49abbda89826223c992b630afd23c638160ad7840cfe347710d97"
            ],
            "markers": "python_version >= '3.6'",
            "version": "==1.2.0"
        },
        "astor": {
            "hashes": [
                "sha256:070a54e890cefb5b3739d19f30f5a5ec840ffc9c50ffa7d23cc9fc1a38ebbfc5",
                "sha256:6a6effda93f4e1ce9f618779b2dd1d9d84f1e32812c23a29b3fff6fd7f63fa5e"
            ],
            "markers": "python_version >= '2.7' and python_version not in '3.0, 3.1, 3.2, 3.3'",
            "version": "==0.8.1"
        },
        "base58": {
            "hashes": [
                "sha256:365c9561d9babac1b5f18ee797508cd54937a724b6e419a130abad69cec5ca79",
                "sha256:447adc750d6b642987ffc6d397ecd15a799852d5f6a1d308d384500243825058"
            ],
            "index": "pypi",
            "version": "==2.0.1"
        },
        "cached-property": {
            "hashes": [
                "sha256:9fa5755838eecbb2d234c3aa390bd80fbd3ac6b6869109bfc1b499f7bd89a130",
                "sha256:df4f613cf7ad9a588cc381aaf4a512d26265ecebd5eb9e1ba12f1319eb85a6a0"
            ],
            "markers": "python_version < '3.8'",
            "version": "==1.5.2"
        },
        "click": {
            "hashes": [
                "sha256:d2b5255c7c6349bc1bd1e59e08cd12acbbd63ce649f2588755783aa94dfb6b1a",
                "sha256:dacca89f4bfadd5de3d7489b7c8a566eee0d3676333fbb50030263894c38c0dc"
            ],
            "markers": "python_version >= '2.7' and python_version not in '3.0, 3.1, 3.2, 3.3, 3.4'",
            "version": "==7.1.2"
        },
        "dataclasses": {
            "hashes": [
                "sha256:0201d89fa866f68c8ebd9d08ee6ff50c0b255f8ec63a71c16fda7af82bb887bf",
                "sha256:8479067f342acf957dc82ec415d355ab5edb7e7646b90dc6e2fd1d96ad084c97"
            ],
            "markers": "python_version < '3.7'",
            "version": "==0.8"
        },
        "fastapi": {
            "hashes": [
                "sha256:912bc1a1b187146fd74dd45e17ea10aede3d962c921142c412458e911c50dc4c",
                "sha256:b1a96ea772f10cd0235eb09d6e282b1f5e6135dad5121ed80d6beb8fa932e075"
            ],
            "index": "pypi",
            "version": "==0.55.1"
        },
        "gast": {
            "hashes": [
                "sha256:211aac1e58c167b25d3504998f2db694454a24bb1fb1225bce99420166f21d6a",
                "sha256:cfbea25820e653af9c7d1807f659ce0a0a9c64f2439421a7bba4f0983f532dea"
            ],
            "markers": "python_version >= '2.7' and python_version not in '3.0, 3.1, 3.2, 3.3'",
            "version": "==0.5.3"
        },
        "google-pasta": {
            "hashes": [
                "sha256:4612951da876b1a10fe3960d7226f0c7682cf901e16ac06e473b267a5afa8954",
                "sha256:b32482794a366b5366a32c92a9a9201b107821889935a02b3e51f6b432ea84ed",
                "sha256:c9f2c8dfc8f96d0d5808299920721be30c9eec37f2389f28904f454565c8a16e"
            ],
            "version": "==0.2.0"
        },
        "grpcio": {
            "hashes": [
                "sha256:0802b080b6b8603a065e505ce83190b6a06229b9a74d0a1681175271ac84fe12",
                "sha256:0bfb637344442b273b698ff425d735a5d806ca8715f988875ad669277fb9b1e6",
                "sha256:104b555e1cb2e0614f05c1def24eb8bb06f1277460058aa0f9c9e6a1018716da",
                "sha256:110028e0b9c346230ae69b8a6d8b25d4d43bfd37bda61a8ec46486da1e781dcb",
                "sha256:13c3b69f8efb214a54f48e8dd1e235a4d8d22fa985f32a9b2844373993c5a605",
                "sha256:199526758f6f8d35a596c610f33ea76faae65ec175dc109e8481ea3404d8527c",
                "sha256:1e2dc213fe71566efbf9a5d704c665ff4b1760a88d37f8533b19ca92776070c9",
                "sha256:1fea4cb4368dd0467eb2d208e2d5e3c4f0be28fe33965d45ac9e1d562be67a8c",
                "sha256:26ed6d07f91ce8aeb4697b7e71d930355282ec80acb7a488f4030a3a75c2f7a8",
                "sha256:2bb1df2920a4968f0c09041b49e591df96f2e6f801f15eed3821c1f16a12f1a8",
                "sha256:2d99fb56c7e836f165828719c3695d3d27ac70b103ab52226f7a7c237e4a3928",
                "sha256:2f185b8c5130663c455f6542906ce99f046608e94950c8b354aa22462c202c2d",
                "sha256:3463256399158e9abf115620994e968db8f003224c36bda0d14570eab8a44cfc",
                "sha256:3d3225d477663c27b9051546a32551babd1ccb80192905e08340264deccc975b",
                "sha256:3f52ef5ba7a8bc334daa87675838d6dafda7d8a116a72b567b8351e561ace498",
                "sha256:47ace91631176efa575c7a34d5004286288f1af1e9de2ff380d1433f241aeed4",
                "sha256:514392a30a275f4f719c2e05ea969c239e5f03eec4a25965852c7582073d8b94",
                "sha256:550b08dfa938e30ffbc1652193cf2877906aa6242d6ba9f61318dc87fcecee63",
                "sha256:5571cb828d694b34a7c75484722803e13a2f5e4760e47ae32fb077c83d0c9b2c",
                "sha256:5792943481d4270b3e9a4700af0eea86e7183f4d3c250a46e0b357949cc09411",
                "sha256:665141b3a97b7d22978c8d2ba0c0af7f67bd6d7a56889c5c0aa715d04009b518",
                "sha256:6affa7e685edbb7421f942296eb618359362e89e641bcf46779c6ec7b944d275",
                "sha256:6f693da8ffd2486c354c90ba5a8ca0f4c50bfb8853495501884cadc152551360",
                "sha256:855c125e8cd1c3ab09a239689c940d26c30680edf2edf87c3c1543bd8633cc8f",
                "sha256:894c5f02c25c83c2320310521a82978b4e252ee18b99a5c4c564d73daeb5c1de",
                "sha256:8d130f666463e4d09a63ff033a6c5cd032867fd51a0db4660c18106aa352be3a",
                "sha256:90e5da224c6b9b23658adf6f36de6f435ef7dbcc9c5c12330314d70d6f8de1f7",
                "sha256:9dc08baa1b28749e90428aaa16e038e8c389d8ccb843ddc0dc8b95231640b432",
                "sha256:a760ef87fde9a8f2761c7ad8ccf617fc590547ed743a9207fe7e367496164c60",
                "sha256:abee7dd82443b2cd128004e053b263a6d7256d570df80956a974634b8c5bc121",
                "sha256:b860e13c112bb9cb44007ef02853a19397d915b31c42dfa18570448bdc0a6245",
                "sha256:b8768daa636e0fa48fec75517bea65ce8fdaca0066dc411fc0a2290d92032f91",
                "sha256:b8ec07dcc1cbd77b8c09dfc0ce6274920cb7b09cc04013110971d95d8bcc0bbf",
                "sha256:c19d6f337860f382ceaa35c5acab439d84c5ffaa8baba36df1f83ab6b9ac4bd3",
                "sha256:c92b5ef64cd5a0c6aea82dd6862fdb8a1562510d537ea3c356a7fe60db7021af",
                "sha256:cebeed160466a1e254eb75e7e1bbeeb1359c50b33a1b8f3b2241a8b8dc9bd216",
                "sha256:d7b1a3a75c34ab39c9df73aa9fecc519dc1035e588a41af19f39b1298a283a57",
                "sha256:d7ec6b04875a5065d04ad86cd2678ca6431dec868c01d731b8233f3de155bfdf",
                "sha256:dc00681d546cae66e9d54451f650fe140f9e1aca2dc4f8c9686cfaa4dd5d680b",
                "sha256:e48595440dc86e13245aec7c096238db12b659e5ae6078aecf99d66befb77678",
                "sha256:e69a5907a2a4cf0011ff46205b6bff8f56b8391436acc3c66b70ce8519578d7e",
                "sha256:ec2dd9f7ab0c809af6b2c65ed31c3cbef2ca9695f7f4d49866ec4707e7836890",
                "sha256:f1d2cd5b1adecbcffee4ad6613f100e0b583ae2e253d2f8f685e7770ec72d622",
                "sha256:f3c0d0995a0cd8c7198cb49b8ce98b4936c5a70109f9246c58e69c898e4f7329",
                "sha256:f5697e4ab90a41a6a1202c1a3ec268a0d69f1cd127a4940d2b2521a0fbc1277b",
                "sha256:f6afd1f4b5e0ec320fb2b027a646944fee8b58ba00fb43d081968f77d1a6e925"
            ],
            "markers": "python_version >= '3.6'",
            "version": "==1.48.2"
        },
        "h11": {
            "hashes": [
                "sha256:33d4bca7be0fa039f4e84d50ab00531047e53d6ee8ffbc83501ea602c169cae1",
                "sha256:4bc6d6a1238b7615b266ada57e0618568066f57dd6fa967d1290ec9309b2f2f1"
            ],
            "version": "==0.9.0"
        },
        "h5py": {
            "hashes": [
                "sha256:02c391fdb980762a1cc03a4bcaecd03dc463994a9a63a02264830114a96e111f",
                "sha256:1cd367f89a5441236bdbb795e9fb9a9e3424929c00b4a54254ca760437f83d69",
                "sha256:1cdfd1c5449ca1329d152f0b66830e93226ebce4f5e07dd8dc16bfc2b1a49d7b",
                "sha256:1e2516f190652beedcb8c7acfa1c6fa92d99b42331cbef5e5c7ec2d65b0fc3c2",
                "sha256:236ac8d943be30b617ab615c3d4a4bf4a438add2be87e54af3687ab721a18fac",
                "sha256:2e37352ddfcf9d77a2a47f7c8f7e125c6d20cc06c2995edeb7be222d4e152636",
                "sha256:80c623be10479e81b64fa713b7ed4c0bbe9f02e8e7d2a2e5382336087b615ce4",
                "sha256:ba71f6229d2013fbb606476ecc29c6223fc16b244d35fcd8566ad9dbaf910857",
                "sha256:cb74df83709d6d03d11e60b9480812f58da34f194beafa8c8314dbbeeedfe0a6",
                "sha256:dccb89358bc84abcd711363c3e138f9f4eccfdf866f2139a8e72308328765b2c",
                "sha256:e33f61d3eb862614c0f273a1f993a64dc2f093e1a3094932c50ada9d2db2170f",
                "sha256:f89a3dae38843ffa49d17a31a3509a8129e9b46ece602a0138e1ed79e685c361",
                "sha256:fea05349f63625a8fb808e57e42bb4c76930cf5d50ac58b678c52f913a48a89b"
            ],
            "markers": "python_version >= '3.6'",
            "version": "==3.1.0"
        },
        "httptools": {
            "hashes": [
                "sha256:07659649fe6b3948b6490825f89abe5eb1cec79ebfaaa0b4bf30f3f33f3c2ba8",
                "sha256:08b79e09114e6ab5c3dbf560bba2cb2257ea38cdaeaf99b7cb80d8f92622fcd9",
                "sha256:1e35aa179b67086cc600a984924a88589b90793c9c1b260152ca4908786e09df",
                "sha256:31629e1f1b89959f8c0927bad12184dc07977dcf71e24f4772934aa490aa199b",
                "sha256:851026bd63ec0af7e7592890d97d15c92b62d9e17094353f19a52c8e2b33710a",
                "sha256:8fcca4b7efe353b13a24017211334c57d055a6e132c7adffed13a10d28efca57",
                "sha256:9abd788465aa46a0f288bd3a99e53edd184177d6379e2098fd6097bb359ad9d6",
                "sha256:aebdf0bd7bf7c90ae6b3be458692bf6e9e5b610b501f9f74c7979015a51db4c4",
                "sha256:bda99a5723e7eab355ce57435c70853fc137a65aebf2f1cd4d15d96e2956da7b",
                "sha256:c1c63d860749841024951b0a78e4dec6f543d23751ef061d6ab60064c7b8b524",
                "sha256:c4111a0a8a00eff1e495d43ea5230aaf64968a48ddba8ea2d5f982efae827404",
                "sha256:dce59ee45dd6ee6c434346a5ac527c44014326f560866b4b2f414a692ee1aca8",
                "sha256:f759717ca1b2ef498c67ba4169c2b33eecf943a89f5329abcff8b89d153eb500",
                "sha256:fb7199b8fb0c50a22e77260bb59017e0c075fa80cb03bb2c8692de76e7bb7fe7",
                "sha256:fbf7ecd31c39728f251b1c095fd27c84e4d21f60a1d079a0333472ff3ae59d34"
            ],
            "markers": "sys_platform != 'win32' and sys_platform != 'cygwin' and platform_python_implementation != 'PyPy'",
            "version": "==0.1.2"
        },
        "importlib-metadata": {
            "hashes": [
                "sha256:65a9576a5b2d58ca44d133c42a241905cc45e34d2c06fd5ba2bafa221e5d7b5e",
                "sha256:766abffff765960fcc18003801f7044eb6755ffae4521c8e8ce8e83b9c9b0668"
            ],
            "markers": "python_version < '3.10'",
            "version": "==4.8.3"
        },
        "keras-applications": {
            "hashes": [
                "sha256:5579f9a12bcde9748f4a12233925a59b93b73ae6947409ff34aa2ba258189fe5",
                "sha256:df4323692b8c1174af821bf906f1e442e63fa7589bf0f1230a0b6bdc5a810c95"
            ],
            "version": "==1.0.8"
        },
        "keras-preprocessing": {
            "hashes": [
                "sha256:7b82029b130ff61cc99b55f3bd27427df4838576838c5b2f65940e4fcec99a7b",
                "sha256:add82567c50c8bc648c14195bf544a5ce7c1f76761536956c3d2978970179ef3"
            ],
            "version": "==1.1.2"
        },
        "markdown": {
            "hashes": [
                "sha256:cbb516f16218e643d8e0a95b309f77eb118cb138d39a4f27851e6a63581db874",
                "sha256:f5da449a6e1c989a4cea2631aa8ee67caa5a2ef855d551c88f9e309f4634c621"
            ],
            "markers": "python_version >= '3.6'",
            "version": "==3.3.7"
        },
        "numpy": {
            "hashes": [
                "sha256:012426a41bc9ab63bb158635aecccc7610e3eff5d31d1eb43bc099debc979d94",
                "sha256:06fab248a088e439402141ea04f0fffb203723148f6ee791e9c75b3e9e82f080",
                "sha256:0eef32ca3132a48e43f6a0f5a82cb508f22ce5a3d6f67a8329c81c8e226d3f6e",
                "sha256:1ded4fce9cfaaf24e7a0ab51b7a87be9038ea1ace7f34b841fe3b6894c721d1c",
                "sha256:2e55195bc1c6b705bfd8ad6f288b38b11b1af32f3c8289d6c50d47f950c12e76",
                "sha256:2ea52bd92ab9f768cc64a4c3ef8f4b2580a17af0a5436f6126b08efbd1838371",
                "sha256:36674959eed6957e61f11c912f71e78857a8d0604171dfd9ce9ad5cbf41c511c",
                "sha256:384ec0463d1c2671170901994aeb6dce126de0a95ccc3976c43b0038a37329c2",
                "sha256:39b70c19ec771805081578cc936bbe95336798b7edf4732ed102e7a43ec5c07a",
                "sha256:400580cbd3cff6ffa6293df2278c75aef2d58d8d93d3c5614cd67981dae68ceb",
                "sha256:43d4c81d5ffdff6bae58d66a3cd7f54a7acd9a0e7b18d97abb255defc09e3140",
                "sha256:50a4a0ad0111cc1b71fa32dedd05fa239f7fb5a43a40663269bb5dc7877cfd28",
                "sha256:603aa0706be710eea8884af807b1b3bc9fb2e49b9f4da439e76000f3b3c6ff0f",
                "sha256:6149a185cece5ee78d1d196938b2a8f9d09f5a5ebfbba66969302a778d5ddd1d",
                "sha256:759e4095edc3c1b3ac031f34d9459fa781777a93ccc633a472a5468587a190ff",
                "sha256:7fb43004bce0ca31d8f13a6eb5e943fa73371381e53f7074ed21a4cb786c32f8",
                "sha256:811daee36a58dc79cf3d8bdd4a490e4277d0e4b7d103a001a4e73ddb48e7e6aa",
                "sha256:8b5e972b43c8fc27d56550b4120fe6257fdc15f9301914380b27f74856299fea",
                "sha256:99abf4f353c3d1a0c7a5f27699482c987cf663b1eac20db59b8c7b061eabd7fc",
                "sha256:a0d53e51a6cb6f0d9082decb7a4cb6dfb33055308c4c44f53103c073f649af73",
                "sha256:a12ff4c8ddfee61f90a1633a4c4afd3f7bcb32b11c52026c92a12e1325922d0d",
                "sha256:a4646724fba402aa7504cd48b4b50e783296b5e10a524c7a6da62e4a8ac9698d",
                "sha256:a76f502430dd98d7546e1ea2250a7360c065a5fdea52b2dffe8ae7180909b6f4",
                "sha256:a9d17f2be3b427fbb2bce61e596cf555d6f8a56c222bd2ca148baeeb5e5c783c",
                "sha256:ab83f24d5c52d60dbc8cd0528759532736b56db58adaa7b5f1f76ad551416a1e",
                "sha256:aeb9ed923be74e659984e321f609b9ba54a48354bfd168d21a2b072ed1e833ea",
                "sha256:c843b3f50d1ab7361ca4f0b3639bf691569493a56808a0b0c54a051d260b7dbd",
                "sha256:cae865b1cae1ec2663d8ea56ef6ff185bad091a5e33ebbadd98de2cfa3fa668f",
                "sha256:cc6bd4fd593cb261332568485e20a0712883cf631f6f5e8e86a52caa8b2b50ff",
                "sha256:cf2402002d3d9f91c8b01e66fbb436a4ed01c6498fffed0e4c7566da1d40ee1e",
                "sha256:d051ec1c64b85ecc69531e1137bb9751c6830772ee5c1c426dbcfe98ef5788d7",
                "sha256:d6631f2e867676b13026e2846180e2c13c1e11289d67da08d71cacb2cd93d4aa",
                "sha256:dbd18bcf4889b720ba13a27ec2f2aac1981bd41203b3a3b27ba7a33f88ae4827",
                "sha256:df609c82f18c5b9f6cb97271f03315ff0dbe481a2a02e56aeb1b1a985ce38e60"
            ],
            "markers": "python_version >= '3.6'",
            "version": "==1.19.5"
        },
        "pillow": {
            "hashes": [
                "sha256:04766c4930c174b46fd72d450674612ab44cca977ebbcc2dde722c6933290107",
                "sha256:0e2a3bceb0fd4e0cb17192ae506d5f082b309ffe5fc370a5667959c9b2f85fa3",
                "sha256:0f01e63c34f0e1e2580cc0b24e86a5ccbbfa8830909a52ee17624c4193224cd9",
                "sha256:12e4bad6bddd8546a2f9771485c7e3d2b546b458ae8ff79621214119ac244523",
                "sha256:1f694e28c169655c50bb89a3fa07f3b854d71eb47f50783621de813979ba87f3",
                "sha256:3d25dd8d688f7318dca6d8cd4f962a360ee40346c15893ae3b95c061cdbc4079",
                "sha256:4b02b9c27fad2054932e89f39703646d0c543f21d3cc5b8e05434215121c28cd",
                "sha256:70e3e0d99a0dcda66283a185f80697a9b08806963c6149c8e6c5f452b2aa59c0",
                "sha256:9744350687459234867cbebfe9df8f35ef9e1538f3e729adbd8fde0761adb705",
                "sha256:a0b49960110bc6ff5fead46013bcb8825d101026d466f3a4de3476defe0fb0dd",
                "sha256:ae2b270f9a0b8822b98655cb3a59cdb1bd54a34807c6c56b76dd2e786c3b7db3",
                "sha256:b37bb3bd35edf53125b0ff257822afa6962649995cbdfde2791ddb62b239f891",
                "sha256:b532bcc2f008e96fd9241177ec580829dee817b090532f43e54074ecffdcd97f",
                "sha256:b67a6c47ed963c709ed24566daa3f95a18f07d3831334da570c71da53d97d088",
                "sha256:b943e71c2065ade6fef223358e56c167fc6ce31c50bc7a02dd5c17ee4338e8ac",
                "sha256:ccc9ad2460eb5bee5642eaf75a0438d7f8887d484490d5117b98edd7f33118b7",
                "sha256:d23e2aa9b969cf9c26edfb4b56307792b8b374202810bd949effd1c6e11ebd6d",
                "sha256:eaa83729eab9c60884f362ada982d3a06beaa6cc8b084cf9f76cae7739481dfa",
                "sha256:ee94fce8d003ac9fd206496f2707efe9eadcb278d94c271f129ab36aa7181344",
                "sha256:f455efb7a98557412dc6f8e463c1faf1f1911ec2432059fa3e582b6000fc90e2",
                "sha256:f46e0e024346e1474083c729d50de909974237c72daca05393ee32389dabe457",
                "sha256:f54be399340aa602066adb63a86a6a5d4f395adfdd9da2b9a0162ea808c7b276",
                "sha256:f784aad988f12c80aacfa5b381ec21fd3f38f851720f652b9f33facc5101cf4d"
            ],
            "index": "pypi",
            "version": "==7.1.2"
        },
        "protobuf": {
            "hashes": [
                "sha256:0c44e01f74109decea196b5b313b08edb5316df77313995594a6981e95674259",
                "sha256:15cdecb0d192ab5f17cdc21a9c0ae7b5c6c4451e42c8a888a4f3344c190e369c",
                "sha256:196a153e487c0e20d62259872bbf2e1c4fa18e2ce97e20984fcbf9d8b151058d",
                "sha256:3149c373e9b7ce296bb24d42a3eb677d620185b5dff2c390b2cf57baf79afdc1",
                "sha256:370a6b885e94adda021d4cbe43accdfbf6a02af651a0be337a28906a3fa77f3d",
                "sha256:474247630834f93214fafce49d2ee6ff4c036c8c5382b88432b7eae6f08f131b",
                "sha256:6380aae2683d0d1b41199e591c8ba06f867e8a778d44309af87073c1b34a9f3a",
                "sha256:6741d7d1cfcbdd6cf610f38b7976cf8c0b41022203555298925e4061b6616608",
                "sha256:700787cb56b4cb7b8ed5f7d197b9d8f30080f257f3c7431eec1fdd8060660929",
                "sha256:8117b52c2531e4033f7d02b9be5a78564da41a8b02c255e1b731ad4bd75e7dc0",
                "sha256:850da2072d98c6e576b7eb29734cdde6fd9f5d157e43d7818d79f4b373ef5d51",
                "sha256:85d1fb5ff1d638a0045bbe4f01a8f287023aa4f2b29011445b1be0edc74a2103",
                "sha256:93bca9aaeee8008e15696c2a6b5e56b992da03f9d237ff54310e397d635f8305",
                "sha256:98d414513ec44bb3ba77ebdeffcbbe6ebbf3630c767d37a285890c2414fdd4e2",
                "sha256:a7f91a4e5bf3cc58b2830c9cb01b04ac5e211c288048e9296cd407ec0455fb89",
                "sha256:abbcb8ecd19cfb729b9b71f9a453e37c0c1c017be4bff47804ff25150685386d",
                "sha256:b03966ca4d1aa7850f5bf0d841c22a8eeb6ce091f77e585ffeb8b95a6b0a96c4",
                "sha256:cde2a73b03049b904dbc5d0f500b97e11abb4109dbe2940e6a1595e2eef4e8a9",
                "sha256:d52a687e2c74c40f45abd6906f833d4e40f0f8cfa4226a80e4695fedafe6c57e",
                "sha256:e68ad00695547d9397dd14abd3efba23cb31cef67228f4512d41396971889812",
                "sha256:e9bffd52d6ee039a1cafb72475b2900c6fd0f0dca667fb7a09af0a3e119e78cb"
            ],
            "index": "pypi",
            "version": "==3.18.3"
        },
        "pydantic": {
            "hashes": [
                "sha256:1061c6ee6204f4f5a27133126854948e3b3d51fcc16ead2e5d04378c199b2f44",
                "sha256:19b5686387ea0d1ea52ecc4cffb71abb21702c5e5b2ac626fd4dbaa0834aa49d",
                "sha256:2bd446bdb7755c3a94e56d7bdfd3ee92396070efa8ef3a34fab9579fe6aa1d84",
                "sha256:328558c9f2eed77bd8fffad3cef39dbbe3edc7044517f4625a769d45d4cf7555",
                "sha256:32e0b4fb13ad4db4058a7c3c80e2569adbd810c25e6ca3bbd8b2a9cc2cc871d7",
                "sha256:3ee0d69b2a5b341fc7927e92cae7ddcfd95e624dfc4870b32a85568bd65e6131",
                "sha256:4aafd4e55e8ad5bd1b19572ea2df546ccace7945853832bb99422a79c70ce9b8",
                "sha256:4b3946f87e5cef3ba2e7bd3a4eb5a20385fe36521d6cc1ebf3c08a6697c6cfb3",
                "sha256:4de71c718c9756d679420c69f216776c2e977459f77e8f679a4a961dc7304a56",
                "sha256:5565a49effe38d51882cb7bac18bda013cdb34d80ac336428e8908f0b72499b0",
                "sha256:5803ad846cdd1ed0d97eb00292b870c29c1f03732a010e66908ff48a762f20e4",
                "sha256:5da164119602212a3fe7e3bc08911a89db4710ae51444b4224c2382fd09ad453",
                "sha256:615661bfc37e82ac677543704437ff737418e4ea04bef9cf11c6d27346606044",
                "sha256:78a4d6bdfd116a559aeec9a4cfe77dda62acc6233f8b56a716edad2651023e5e",
                "sha256:7d0f183b305629765910eaad707800d2f47c6ac5bcfb8c6397abdc30b69eeb15",
                "sha256:7ead3cd020d526f75b4188e0a8d71c0dbbe1b4b6b5dc0ea775a93aca16256aeb",
                "sha256:84d76ecc908d917f4684b354a39fd885d69dd0491be175f3465fe4b59811c001",
                "sha256:8cb0bc509bfb71305d7a59d00163d5f9fc4530f0881ea32c74ff4f74c85f3d3d",
                "sha256:91089b2e281713f3893cd01d8e576771cd5bfdfbff5d0ed95969f47ef6d676c3",
                "sha256:9c9e04a6cdb7a363d7cb3ccf0efea51e0abb48e180c0d31dca8d247967d85c6e",
                "sha256:a8c5360a0297a713b4123608a7909e6869e1b56d0e96eb0d792c27585d40757f",
                "sha256:afacf6d2a41ed91fc631bade88b1d319c51ab5418870802cedb590b709c5ae3c",
                "sha256:b34ba24f3e2d0b39b43f0ca62008f7ba962cff51efa56e64ee25c4af6eed987b",
                "sha256:bd67cb2c2d9602ad159389c29e4ca964b86fa2f35c2faef54c3eb28b4efd36c8",
                "sha256:c0f5e142ef8217019e3eef6ae1b6b55f09a7a15972958d44fbd228214cede567",
                "sha256:cdb4272678db803ddf94caa4f94f8672e9a46bae4a44f167095e4d06fec12979",
                "sha256:d70916235d478404a3fa8c997b003b5f33aeac4686ac1baa767234a0f8ac2326",
                "sha256:d8ce3fb0841763a89322ea0432f1f59a2d3feae07a63ea2c958b2315e1ae8adb",
                "sha256:e0b214e57623a535936005797567231a12d0da0c29711eb3514bc2b3cd008d0f",
                "sha256:e631c70c9280e3129f071635b81207cad85e6c08e253539467e4ead0e5b219aa",
                "sha256:e78578f0c7481c850d1c969aca9a65405887003484d24f6110458fb02cca7747",
                "sha256:f0ca86b525264daa5f6b192f216a0d1e860b7383e3da1c65a1908f9c02f42801",
                "sha256:f1a68f4f65a9ee64b6ccccb5bf7e17db07caebd2730109cb8a95863cfa9c4e55",
                "sha256:fafe841be1103f340a24977f61dee76172e4ae5f647ab9e7fd1e1fca51524f08",
                "sha256:ff68fc85355532ea77559ede81f35fff79a6a5543477e168ab3a381887caea76"
            ],
            "markers": "python_full_version >= '3.6.1'",
            "version": "==1.9.2"
        },
        "setuptools": {
            "hashes": [
                "sha256:22c7348c6d2976a52632c67f7ab0cdf40147db7789f9aed18734643fe9cf3373",
                "sha256:4ce92f1e1f8f01233ee9952c04f6b81d1e02939d6e1b488428154974a4d0783e"
            ],
            "markers": "python_version >= '3.6'",
            "version": "==59.6.0"
        },
        "six": {
            "hashes": [
                "sha256:1e61c37477a1626458e36f7b1d82aa5c9b094fa4802892072e49de9c60c4c926",
                "sha256:8abb2f1d86890a2dfb989f9a77cfcfd3e47c2a354b01111771326f8aa26e0254"
            ],
            "markers": "python_version >= '2.7' and python_version not in '3.0, 3.1, 3.2, 3.3'",
            "version": "==1.16.0"
        },
        "starlette": {
            "hashes": [
                "sha256:6169ee78ded501095d1dda7b141a1dc9f9934d37ad23196e180150ace2c6449b",
                "sha256:a9bb130fa7aa736eda8a814b6ceb85ccf7a209ed53843d0d61e246b380afa10f"
            ],
            "markers": "python_version >= '3.6'",
            "version": "==0.13.2"
        },
        "tensorboard": {
            "hashes": [
                "sha256:50e0b1bdcd488dbe39fd9416976e089b2ff4df18d9f1fab47abf4c498209c3fc",
                "sha256:c35ba681a52d4922be6b225623cf77285033e7e4e68bac5c1d5490e47d129bb2"
            ],
            "markers": "python_version >= '2.7' and python_version not in '3.0, 3.1, 3.2, 3.3'",
            "version": "==1.14.0"
        },
        "tensorflow-estimator": {
            "hashes": [
                "sha256:ca073f66063407a091d610ec1b22e39ea30248710198cc6f13769320bdbe3992"
            ],
            "version": "==1.14.0"
        },
        "tensorflow-gpu": {
            "hashes": [
                "sha256:043dc9b66500feceb9d4857940ff50cc7ed40b588d47c129d57625191a6ae077",
                "sha256:1b7ce8d3b22112f5d3b0389e7bd13761ce6a801f1899af7858b6bd95563fc1d6",
                "sha256:45e0213a7681feb7bfa19208d640794f53f7b5c30c1061e5be43a7f938edbf6e",
                "sha256:6c2621ceb0a3b59606a06c5193f967243a6ebbd41c001d81231e77fc66266a7e",
                "sha256:71ab378b22ffb457cffeb01d48a31ba00cf90a8cea1ab18b84bd0efe0f207d7d",
                "sha256:8563b56388f6e9efdca10fcea2c9f6f03b3e4c65cd22fa5a93d73caf5e483d78",
                "sha256:a2528c9ab069599b7c6f9f2f1f751bcb5467b49a4960580a225d7b612dba396e",
                "sha256:bd8efeb415dcc353d501510ed3bbe1c4b996e5c05797b444455d86bfee7bf10e",
                "sha256:ed8db7cbf95f56fff7e7baa73a0912a63a46887b38ac19bdd75941e818baf37a"
            ],
            "index": "pypi",
            "version": "==1.14.0"
        },
        "termcolor": {
            "hashes": [
                "sha256:1d6d69ce66211143803fbc56652b41d73b4a400a2891d7bf7a1cdf4c02de613b"
            ],
            "version": "==1.1.0"
        },
        "typing-extensions": {
            "hashes": [
                "sha256:1a9462dcc3347a79b1f1c0271fbe79e844580bb598bafa1ed208b94da3cdcd42",
                "sha256:21c85e0fe4b9a155d0799430b0ad741cdce7e359660ccbd8b530613e8df88ce2"
            ],
            "markers": "python_version >= '3.6'",
            "version": "==4.1.1"
        },
        "uvicorn": {
            "hashes": [
                "sha256:50577d599775dac2301bac8bd5b540d19a9560144143c5bdab13cba92783b6e7",
                "sha256:596eaa8645b6dbc24d6610e335f8ddf5f925b4c4b86fdc7146abb0bf0da65d17"
            ],
            "index": "pypi",
            "version": "==0.11.5"
        },
        "uvloop": {
            "hashes": [
                "sha256:08b109f0213af392150e2fe6f81d33261bb5ce968a288eb698aad4f46eb711bd",
                "sha256:123ac9c0c7dd71464f58f1b4ee0bbd81285d96cdda8bc3519281b8973e3a461e",
                "sha256:4315d2ec3ca393dd5bc0b0089d23101276778c304d42faff5dc4579cb6caef09",
                "sha256:4544dcf77d74f3a84f03dd6278174575c44c67d7165d4c42c71db3fdc3860726",
                "sha256:afd5513c0ae414ec71d24f6f123614a80f3d27ca655a4fcf6cabe50994cc1891",
                "sha256:b4f591aa4b3fa7f32fb51e2ee9fea1b495eb75b0b3c8d0ca52514ad675ae63f7",
                "sha256:bcac356d62edd330080aed082e78d4b580ff260a677508718f88016333e2c9c5",
                "sha256:e7514d7a48c063226b7d06617cbb12a14278d4323a065a8d46a7962686ce2e95",
                "sha256:f07909cd9fc08c52d294b1570bba92186181ca01fe3dc9ffba68955273dd7362"
            ],
            "markers": "sys_platform != 'win32' and sys_platform != 'cygwin' and platform_python_implementation != 'PyPy'",
            "version": "==0.14.0"
        },
        "websockets": {
            "hashes": [
                "sha256:0e4fb4de42701340bd2353bb2eee45314651caa6ccee80dbd5f5d5978888fed5",
                "sha256:1d3f1bf059d04a4e0eb4985a887d49195e15ebabc42364f4eb564b1d065793f5",
                "sha256:20891f0dddade307ffddf593c733a3fdb6b83e6f9eef85908113e628fa5a8308",
                "sha256:295359a2cc78736737dd88c343cd0747546b2174b5e1adc223824bcaf3e164cb",
                "sha256:2db62a9142e88535038a6bcfea70ef9447696ea77891aebb730a333a51ed559a",
                "sha256:3762791ab8b38948f0c4d281c8b2ddfa99b7e510e46bd8dfa942a5fff621068c",
                "sha256:3db87421956f1b0779a7564915875ba774295cc86e81bc671631379371af1170",
                "sha256:3ef56fcc7b1ff90de46ccd5a687bbd13a3180132268c4254fc0fa44ecf4fc422",
                "sha256:4f9f7d28ce1d8f1295717c2c25b732c2bc0645db3215cf757551c392177d7cb8",
                "sha256:5c01fd846263a75bc8a2b9542606927cfad57e7282965d96b93c387622487485",
                "sha256:5c65d2da8c6bce0fca2528f69f44b2f977e06954c8512a952222cea50dad430f",
                "sha256:751a556205d8245ff94aeef23546a1113b1dd4f6e4d102ded66c39b99c2ce6c8",
                "sha256:7ff46d441db78241f4c6c27b3868c9ae71473fe03341340d2dfdbe8d79310acc",
                "sha256:965889d9f0e2a75edd81a07592d0ced54daa5b0785f57dc429c378edbcffe779",
                "sha256:9b248ba3dd8a03b1a10b19efe7d4f7fa41d158fdaa95e2cf65af5a7b95a4f989",
                "sha256:9bef37ee224e104a413f0780e29adb3e514a5b698aabe0d969a6ba426b8435d1",
                "sha256:c1ec8db4fac31850286b7cd3b9c0e1b944204668b8eb721674916d4e28744092",
                "sha256:c8a116feafdb1f84607cb3b14aa1418424ae71fee131642fc568d21423b51824",
                "sha256:ce85b06a10fc65e6143518b96d3dca27b081a740bae261c2fb20375801a9d56d",
                "sha256:d705f8aeecdf3262379644e4b55107a3b55860eb812b673b28d0fbc347a60c55",
                "sha256:e898a0863421650f0bebac8ba40840fc02258ef4714cb7e1fd76b6a6354bda36",
                "sha256:f8a7bff6e8664afc4e6c28b983845c5bc14965030e3fb98789734d416af77c4b"
            ],
            "markers": "python_full_version >= '3.6.1'",
            "version": "==8.1"
        },
        "werkzeug": {
            "hashes": [
                "sha256:1421ebfc7648a39a5c58c601b154165d05cf47a3cd0ccb70857cbdacf6c8f2b8",
                "sha256:b863f8ff057c522164b6067c9e28b041161b4be5ba4d0daceeaa50a163822d3c"
            ],
            "markers": "python_version >= '3.6'",
            "version": "==2.0.3"
        },
        "wheel": {
            "hashes": [
                "sha256:4bdcd7d840138086126cd09254dc6195fb4fc6f01c050a1d7236f2630db1d22a",
                "sha256:e9a504e793efbca1b8e0e9cb979a249cf4a0a7b5b8c9e8b65a5e39d49529c1c4"
            ],
            "markers": "python_version >= '2.7' and python_version not in '3.0, 3.1, 3.2, 3.3, 3.4'",
            "version": "==0.37.1"
        },
        "wrapt": {
            "hashes": [
                "sha256:00b6d4ea20a906c0ca56d84f93065b398ab74b927a7a3dbd470f6fc503f95dc3",
                "sha256:01c205616a89d09827986bc4e859bcabd64f5a0662a7fe95e0d359424e0e071b",
                "sha256:02b41b633c6261feff8ddd8d11c711df6842aba629fdd3da10249a53211a72c4",
                "sha256:07f7a7d0f388028b2df1d916e94bbb40624c59b48ecc6cbc232546706fac74c2",
                "sha256:11871514607b15cfeb87c547a49bca19fde402f32e2b1c24a632506c0a756656",
                "sha256:1b376b3f4896e7930f1f772ac4b064ac12598d1c38d04907e696cc4d794b43d3",
                "sha256:21ac0156c4b089b330b7666db40feee30a5d52634cc4560e1905d6529a3897ff",
                "sha256:257fd78c513e0fb5cdbe058c27a0624c9884e735bbd131935fd49e9fe719d310",
                "sha256:2b39d38039a1fdad98c87279b48bc5dce2c0ca0d73483b12cb72aa9609278e8a",
                "sha256:2cf71233a0ed05ccdabe209c606fe0bac7379fdcf687f39b944420d2a09fdb57",
                "sha256:2fe803deacd09a233e4762a1adcea5db5d31e6be577a43352936179d14d90069",
                "sha256:3232822c7d98d23895ccc443bbdf57c7412c5a65996c30442ebe6ed3df335383",
                "sha256:34aa51c45f28ba7f12accd624225e2b1e5a3a45206aa191f6f9aac931d9d56fe",
                "sha256:36f582d0c6bc99d5f39cd3ac2a9062e57f3cf606ade29a0a0d6b323462f4dd87",
                "sha256:380a85cf89e0e69b7cfbe2ea9f765f004ff419f34194018a6827ac0e3edfed4d",
                "sha256:40e7bc81c9e2b2734ea4bc1aceb8a8f0ceaac7c5299bc5d69e37c44d9081d43b",
                "sha256:43ca3bbbe97af00f49efb06e352eae40434ca9d915906f77def219b88e85d907",
                "sha256:4fcc4649dc762cddacd193e6b55bc02edca674067f5f98166d7713b193932b7f",
                "sha256:5a0f54ce2c092aaf439813735584b9537cad479575a09892b8352fea5e988dc0",
                "sha256:5a9a0d155deafd9448baff28c08e150d9b24ff010e899311ddd63c45c2445e28",
                "sha256:5b02d65b9ccf0ef6c34cba6cf5bf2aab1bb2f49c6090bafeecc9cd81ad4ea1c1",
                "sha256:60db23fa423575eeb65ea430cee741acb7c26a1365d103f7b0f6ec412b893853",
                "sha256:642c2e7a804fcf18c222e1060df25fc210b9c58db7c91416fb055897fc27e8cc",
                "sha256:6a9a25751acb379b466ff6be78a315e2b439d4c94c1e99cb7266d40a537995d3",
                "sha256:6b1a564e6cb69922c7fe3a678b9f9a3c54e72b469875aa8018f18b4d1dd1adf3",
                "sha256:6d323e1554b3d22cfc03cd3243b5bb815a51f5249fdcbb86fda4bf62bab9e164",
                "sha256:6e743de5e9c3d1b7185870f480587b75b1cb604832e380d64f9504a0535912d1",
                "sha256:709fe01086a55cf79d20f741f39325018f4df051ef39fe921b1ebe780a66184c",
                "sha256:7b7c050ae976e286906dd3f26009e117eb000fb2cf3533398c5ad9ccc86867b1",
                "sha256:7d2872609603cb35ca513d7404a94d6d608fc13211563571117046c9d2bcc3d7",
                "sha256:7ef58fb89674095bfc57c4069e95d7a31cfdc0939e2a579882ac7d55aadfd2a1",
                "sha256:80bb5c256f1415f747011dc3604b59bc1f91c6e7150bd7db03b19170ee06b320",
                "sha256:81b19725065dcb43df02b37e03278c011a09e49757287dca60c5aecdd5a0b8ed",
                "sha256:833b58d5d0b7e5b9832869f039203389ac7cbf01765639c7309fd50ef619e0b1",
                "sha256:88bd7b6bd70a5b6803c1abf6bca012f7ed963e58c68d76ee20b9d751c74a3248",
                "sha256:8ad85f7f4e20964db4daadcab70b47ab05c7c1cf2a7c1e51087bfaa83831854c",
                "sha256:8c0ce1e99116d5ab21355d8ebe53d9460366704ea38ae4d9f6933188f327b456",
                "sha256:8d649d616e5c6a678b26d15ece345354f7c2286acd6db868e65fcc5ff7c24a77",
                "sha256:903500616422a40a98a5a3c4ff4ed9d0066f3b4c951fa286018ecdf0750194ef",
                "sha256:9736af4641846491aedb3c3f56b9bc5568d92b0692303b5a305301a95dfd38b1",
                "sha256:988635d122aaf2bdcef9e795435662bcd65b02f4f4c1ae37fbee7401c440b3a7",
                "sha256:9cca3c2cdadb362116235fdbd411735de4328c61425b0aa9f872fd76d02c4e86",
                "sha256:9e0fd32e0148dd5dea6af5fee42beb949098564cc23211a88d799e434255a1f4",
                "sha256:9f3e6f9e05148ff90002b884fbc2a86bd303ae847e472f44ecc06c2cd2fcdb2d",
                "sha256:a85d2b46be66a71bedde836d9e41859879cc54a2a04fad1191eb50c2066f6e9d",
                "sha256:a9a52172be0b5aae932bef82a79ec0a0ce87288c7d132946d645eba03f0ad8a8",
                "sha256:aa31fdcc33fef9eb2552cbcbfee7773d5a6792c137b359e82879c101e98584c5",
                "sha256:b014c23646a467558be7da3d6b9fa409b2c567d2110599b7cf9a0c5992b3b471",
                "sha256:b21bb4c09ffabfa0e85e3a6b623e19b80e7acd709b9f91452b8297ace2a8ab00",
                "sha256:b5901a312f4d14c59918c221323068fad0540e34324925c8475263841dbdfe68",
                "sha256:b9b7a708dd92306328117d8c4b62e2194d00c365f18eff11a9b53c6f923b01e3",
                "sha256:d1967f46ea8f2db647c786e78d8cc7e4313dbd1b0aca360592d8027b8508e24d",
                "sha256:d52a25136894c63de15a35bc0bdc5adb4b0e173b9c0d07a2be9d3ca64a332735",
                "sha256:d77c85fedff92cf788face9bfa3ebaa364448ebb1d765302e9af11bf449ca36d",
                "sha256:d79d7d5dc8a32b7093e81e97dad755127ff77bcc899e845f41bf71747af0c569",
                "sha256:dbcda74c67263139358f4d188ae5faae95c30929281bc6866d00573783c422b7",
                "sha256:ddaea91abf8b0d13443f6dac52e89051a5063c7d014710dcb4d4abb2ff811a59",
                "sha256:dee0ce50c6a2dd9056c20db781e9c1cfd33e77d2d569f5d1d9321c641bb903d5",
                "sha256:dee60e1de1898bde3b238f18340eec6148986da0455d8ba7848d50470a7a32fb",
                "sha256:e2f83e18fe2f4c9e7db597e988f72712c0c3676d337d8b101f6758107c42425b",
                "sha256:e3fb1677c720409d5f671e39bac6c9e0e422584e5f518bfd50aa4cbbea02433f",
                "sha256:ee2b1b1769f6707a8a445162ea16dddf74285c3964f605877a20e38545c3c462",
                "sha256:ee6acae74a2b91865910eef5e7de37dc6895ad96fa23603d1d27ea69df545015",
                "sha256:ef3f72c9666bba2bab70d2a8b79f2c6d2c1a42a7f7e2b0ec83bb2f9e383950af"
            ],
            "markers": "python_version >= '2.7' and python_version not in '3.0, 3.1, 3.2, 3.3, 3.4'",
            "version": "==1.14.1"
        },
        "zipp": {
            "hashes": [
                "sha256:71c644c5369f4a6e07636f0aa966270449561fcea2e3d6747b8d23efaa9d7832",
                "sha256:9fe5ea21568a0a70e50f273397638d39b03353731e6cbbb3fd8502a33fec40bc"
            ],
            "markers": "python_version >= '3.6'",
            "version": "==3.6.0"
        }
    },
    "develop": {}
}
